// !$*UTF8*$!
{
	archiveVersion = 1;
	classes = {
	};
	objectVersion = 50;
	objects = {

/* Begin PBXBuildFile section */
		7929951E22543CCD00BE4670 /* AppDelegate.swift in Sources */ = {isa = PBXBuildFile; fileRef = 7929951D22543CCD00BE4670 /* AppDelegate.swift */; };
		7929952022543CCD00BE4670 /* ViewController.swift in Sources */ = {isa = PBXBuildFile; fileRef = 7929951F22543CCD00BE4670 /* ViewController.swift */; };
		7929952322543CCD00BE4670 /* Main.storyboard in Resources */ = {isa = PBXBuildFile; fileRef = 7929952122543CCD00BE4670 /* Main.storyboard */; };
		7929952522543CCE00BE4670 /* Assets.xcassets in Resources */ = {isa = PBXBuildFile; fileRef = 7929952422543CCE00BE4670 /* Assets.xcassets */; };
		7929952822543CCE00BE4670 /* LaunchScreen.storyboard in Resources */ = {isa = PBXBuildFile; fileRef = 7929952622543CCE00BE4670 /* LaunchScreen.storyboard */; };
		7929953322543CCF00BE4670 /* Sunrise_SunsetTests.swift in Sources */ = {isa = PBXBuildFile; fileRef = 7929953222543CCF00BE4670 /* Sunrise_SunsetTests.swift */; };
		7929953E22543CCF00BE4670 /* Sunrise_SunsetUITests.swift in Sources */ = {isa = PBXBuildFile; fileRef = 7929953D22543CCF00BE4670 /* Sunrise_SunsetUITests.swift */; };
		797F8699225BA134007D4C06 /* SunTimes.swift in Sources */ = {isa = PBXBuildFile; fileRef = 797F8698225BA134007D4C06 /* SunTimes.swift */; };
		797F869B225BA1BF007D4C06 /* SunTimesService.swift in Sources */ = {isa = PBXBuildFile; fileRef = 797F869A225BA1BF007D4C06 /* SunTimesService.swift */; };
		797F86A0225BB311007D4C06 /* MapKit.framework in Frameworks */ = {isa = PBXBuildFile; fileRef = 797F869F225BB311007D4C06 /* MapKit.framework */; };
/* End PBXBuildFile section */

/* Begin PBXContainerItemProxy section */
		7929952F22543CCF00BE4670 /* PBXContainerItemProxy */ = {
			isa = PBXContainerItemProxy;
			containerPortal = 7929951222543CCD00BE4670 /* Project object */;
			proxyType = 1;
			remoteGlobalIDString = 7929951922543CCD00BE4670;
			remoteInfo = "Sunrise Sunset";
		};
		7929953A22543CCF00BE4670 /* PBXContainerItemProxy */ = {
			isa = PBXContainerItemProxy;
			containerPortal = 7929951222543CCD00BE4670 /* Project object */;
			proxyType = 1;
			remoteGlobalIDString = 7929951922543CCD00BE4670;
			remoteInfo = "Sunrise Sunset";
		};
/* End PBXContainerItemProxy section */

/* Begin PBXFileReference section */
		7929951A22543CCD00BE4670 /* Sunrise Sunset.app */ = {isa = PBXFileReference; explicitFileType = wrapper.application; includeInIndex = 0; path = "Sunrise Sunset.app"; sourceTree = BUILT_PRODUCTS_DIR; };
		7929951D22543CCD00BE4670 /* AppDelegate.swift */ = {isa = PBXFileReference; lastKnownFileType = sourcecode.swift; path = AppDelegate.swift; sourceTree = "<group>"; };
		7929951F22543CCD00BE4670 /* ViewController.swift */ = {isa = PBXFileReference; lastKnownFileType = sourcecode.swift; path = ViewController.swift; sourceTree = "<group>"; };
		7929952222543CCD00BE4670 /* Base */ = {isa = PBXFileReference; lastKnownFileType = file.storyboard; name = Base; path = Base.lproj/Main.storyboard; sourceTree = "<group>"; };
		7929952422543CCE00BE4670 /* Assets.xcassets */ = {isa = PBXFileReference; lastKnownFileType = folder.assetcatalog; path = Assets.xcassets; sourceTree = "<group>"; };
		7929952722543CCE00BE4670 /* Base */ = {isa = PBXFileReference; lastKnownFileType = file.storyboard; name = Base; path = Base.lproj/LaunchScreen.storyboard; sourceTree = "<group>"; };
		7929952922543CCE00BE4670 /* Info.plist */ = {isa = PBXFileReference; lastKnownFileType = text.plist.xml; path = Info.plist; sourceTree = "<group>"; };
		7929952E22543CCF00BE4670 /* Sunrise SunsetTests.xctest */ = {isa = PBXFileReference; explicitFileType = wrapper.cfbundle; includeInIndex = 0; path = "Sunrise SunsetTests.xctest"; sourceTree = BUILT_PRODUCTS_DIR; };
		7929953222543CCF00BE4670 /* Sunrise_SunsetTests.swift */ = {isa = PBXFileReference; lastKnownFileType = sourcecode.swift; path = Sunrise_SunsetTests.swift; sourceTree = "<group>"; };
		7929953422543CCF00BE4670 /* Info.plist */ = {isa = PBXFileReference; lastKnownFileType = text.plist.xml; path = Info.plist; sourceTree = "<group>"; };
		7929953922543CCF00BE4670 /* Sunrise SunsetUITests.xctest */ = {isa = PBXFileReference; explicitFileType = wrapper.cfbundle; includeInIndex = 0; path = "Sunrise SunsetUITests.xctest"; sourceTree = BUILT_PRODUCTS_DIR; };
		7929953D22543CCF00BE4670 /* Sunrise_SunsetUITests.swift */ = {isa = PBXFileReference; lastKnownFileType = sourcecode.swift; path = Sunrise_SunsetUITests.swift; sourceTree = "<group>"; };
		7929953F22543CCF00BE4670 /* Info.plist */ = {isa = PBXFileReference; lastKnownFileType = text.plist.xml; path = Info.plist; sourceTree = "<group>"; };
		797F8698225BA134007D4C06 /* SunTimes.swift */ = {isa = PBXFileReference; lastKnownFileType = sourcecode.swift; path = SunTimes.swift; sourceTree = "<group>"; };
		797F869A225BA1BF007D4C06 /* SunTimesService.swift */ = {isa = PBXFileReference; lastKnownFileType = sourcecode.swift; path = SunTimesService.swift; sourceTree = "<group>"; };
		797F869F225BB311007D4C06 /* MapKit.framework */ = {isa = PBXFileReference; lastKnownFileType = wrapper.framework; name = MapKit.framework; path = System/Library/Frameworks/MapKit.framework; sourceTree = SDKROOT; };
/* End PBXFileReference section */

/* Begin PBXFrameworksBuildPhase section */
		7929951722543CCD00BE4670 /* Frameworks */ = {
			isa = PBXFrameworksBuildPhase;
			buildActionMask = 2147483647;
			files = (
				797F86A0225BB311007D4C06 /* MapKit.framework in Frameworks */,
			);
			runOnlyForDeploymentPostprocessing = 0;
		};
		7929952B22543CCF00BE4670 /* Frameworks */ = {
			isa = PBXFrameworksBuildPhase;
			buildActionMask = 2147483647;
			files = (
			);
			runOnlyForDeploymentPostprocessing = 0;
		};
		7929953622543CCF00BE4670 /* Frameworks */ = {
			isa = PBXFrameworksBuildPhase;
			buildActionMask = 2147483647;
			files = (
			);
			runOnlyForDeploymentPostprocessing = 0;
		};
/* End PBXFrameworksBuildPhase section */

/* Begin PBXGroup section */
		7929951122543CCD00BE4670 = {
			isa = PBXGroup;
			children = (
				7929951C22543CCD00BE4670 /* Sunrise Sunset */,
				7929953122543CCF00BE4670 /* Sunrise SunsetTests */,
				7929953C22543CCF00BE4670 /* Sunrise SunsetUITests */,
				7929951B22543CCD00BE4670 /* Products */,
				797F869E225BB310007D4C06 /* Frameworks */,
			);
			sourceTree = "<group>";
		};
		7929951B22543CCD00BE4670 /* Products */ = {
			isa = PBXGroup;
			children = (
				7929951A22543CCD00BE4670 /* Sunrise Sunset.app */,
				7929952E22543CCF00BE4670 /* Sunrise SunsetTests.xctest */,
				7929953922543CCF00BE4670 /* Sunrise SunsetUITests.xctest */,
			);
			name = Products;
			sourceTree = "<group>";
		};
		7929951C22543CCD00BE4670 /* Sunrise Sunset */ = {
			isa = PBXGroup;
			children = (
				7929951D22543CCD00BE4670 /* AppDelegate.swift */,
				7929951F22543CCD00BE4670 /* ViewController.swift */,
				797F8698225BA134007D4C06 /* SunTimes.swift */,
				797F869A225BA1BF007D4C06 /* SunTimesService.swift */,
				7929952122543CCD00BE4670 /* Main.storyboard */,
				7929952422543CCE00BE4670 /* Assets.xcassets */,
				7929952622543CCE00BE4670 /* LaunchScreen.storyboard */,
				7929952922543CCE00BE4670 /* Info.plist */,
			);
			path = "Sunrise Sunset";
			sourceTree = "<group>";
		};
		7929953122543CCF00BE4670 /* Sunrise SunsetTests */ = {
			isa = PBXGroup;
			children = (
				7929953222543CCF00BE4670 /* Sunrise_SunsetTests.swift */,
				7929953422543CCF00BE4670 /* Info.plist */,
			);
			path = "Sunrise SunsetTests";
			sourceTree = "<group>";
		};
		7929953C22543CCF00BE4670 /* Sunrise SunsetUITests */ = {
			isa = PBXGroup;
			children = (
				7929953D22543CCF00BE4670 /* Sunrise_SunsetUITests.swift */,
				7929953F22543CCF00BE4670 /* Info.plist */,
			);
			path = "Sunrise SunsetUITests";
			sourceTree = "<group>";
		};
		797F869E225BB310007D4C06 /* Frameworks */ = {
			isa = PBXGroup;
			children = (
				797F869F225BB311007D4C06 /* MapKit.framework */,
			);
			name = Frameworks;
			sourceTree = "<group>";
		};
/* End PBXGroup section */

/* Begin PBXNativeTarget section */
		7929951922543CCD00BE4670 /* Sunrise Sunset */ = {
			isa = PBXNativeTarget;
			buildConfigurationList = 7929954222543CCF00BE4670 /* Build configuration list for PBXNativeTarget "Sunrise Sunset" */;
			buildPhases = (
				7929951622543CCD00BE4670 /* Sources */,
				7929951722543CCD00BE4670 /* Frameworks */,
				7929951822543CCD00BE4670 /* Resources */,
			);
			buildRules = (
			);
			dependencies = (
			);
			name = "Sunrise Sunset";
			productName = "Sunrise Sunset";
			productReference = 7929951A22543CCD00BE4670 /* Sunrise Sunset.app */;
			productType = "com.apple.product-type.application";
		};
		7929952D22543CCF00BE4670 /* Sunrise SunsetTests */ = {
			isa = PBXNativeTarget;
			buildConfigurationList = 7929954522543CCF00BE4670 /* Build configuration list for PBXNativeTarget "Sunrise SunsetTests" */;
			buildPhases = (
				7929952A22543CCF00BE4670 /* Sources */,
				7929952B22543CCF00BE4670 /* Frameworks */,
				7929952C22543CCF00BE4670 /* Resources */,
			);
			buildRules = (
			);
			dependencies = (
				7929953022543CCF00BE4670 /* PBXTargetDependency */,
			);
			name = "Sunrise SunsetTests";
			productName = "Sunrise SunsetTests";
			productReference = 7929952E22543CCF00BE4670 /* Sunrise SunsetTests.xctest */;
			productType = "com.apple.product-type.bundle.unit-test";
		};
		7929953822543CCF00BE4670 /* Sunrise SunsetUITests */ = {
			isa = PBXNativeTarget;
			buildConfigurationList = 7929954822543CCF00BE4670 /* Build configuration list for PBXNativeTarget "Sunrise SunsetUITests" */;
			buildPhases = (
				7929953522543CCF00BE4670 /* Sources */,
				7929953622543CCF00BE4670 /* Frameworks */,
				7929953722543CCF00BE4670 /* Resources */,
			);
			buildRules = (
			);
			dependencies = (
				7929953B22543CCF00BE4670 /* PBXTargetDependency */,
			);
			name = "Sunrise SunsetUITests";
			productName = "Sunrise SunsetUITests";
			productReference = 7929953922543CCF00BE4670 /* Sunrise SunsetUITests.xctest */;
			productType = "com.apple.product-type.bundle.ui-testing";
		};
/* End PBXNativeTarget section */

/* Begin PBXProject section */
		7929951222543CCD00BE4670 /* Project object */ = {
			isa = PBXProject;
			attributes = {
				LastSwiftUpdateCheck = 1010;
				LastUpgradeCheck = 1010;
				ORGANIZATIONNAME = "Paul Baker";
				TargetAttributes = {
					7929951922543CCD00BE4670 = {
						CreatedOnToolsVersion = 10.1;
					};
					7929952D22543CCF00BE4670 = {
						CreatedOnToolsVersion = 10.1;
						TestTargetID = 7929951922543CCD00BE4670;
					};
					7929953822543CCF00BE4670 = {
						CreatedOnToolsVersion = 10.1;
						TestTargetID = 7929951922543CCD00BE4670;
					};
				};
			};
			buildConfigurationList = 7929951522543CCD00BE4670 /* Build configuration list for PBXProject "Sunrise Sunset" */;
			compatibilityVersion = "Xcode 9.3";
			developmentRegion = en;
			hasScannedForEncodings = 0;
			knownRegions = (
				en,
				Base,
			);
			mainGroup = 7929951122543CCD00BE4670;
			productRefGroup = 7929951B22543CCD00BE4670 /* Products */;
			projectDirPath = "";
			projectRoot = "";
			targets = (
				7929951922543CCD00BE4670 /* Sunrise Sunset */,
				7929952D22543CCF00BE4670 /* Sunrise SunsetTests */,
				7929953822543CCF00BE4670 /* Sunrise SunsetUITests */,
			);
		};
/* End PBXProject section */

/* Begin PBXResourcesBuildPhase section */
		7929951822543CCD00BE4670 /* Resources */ = {
			isa = PBXResourcesBuildPhase;
			buildActionMask = 2147483647;
			files = (
				7929952822543CCE00BE4670 /* LaunchScreen.storyboard in Resources */,
				7929952522543CCE00BE4670 /* Assets.xcassets in Resources */,
				7929952322543CCD00BE4670 /* Main.storyboard in Resources */,
			);
			runOnlyForDeploymentPostprocessing = 0;
		};
		7929952C22543CCF00BE4670 /* Resources */ = {
			isa = PBXResourcesBuildPhase;
			buildActionMask = 2147483647;
			files = (
			);
			runOnlyForDeploymentPostprocessing = 0;
		};
		7929953722543CCF00BE4670 /* Resources */ = {
			isa = PBXResourcesBuildPhase;
			buildActionMask = 2147483647;
			files = (
			);
			runOnlyForDeploymentPostprocessing = 0;
		};
/* End PBXResourcesBuildPhase section */

/* Begin PBXSourcesBuildPhase section */
		7929951622543CCD00BE4670 /* Sources */ = {
			isa = PBXSourcesBuildPhase;
			buildActionMask = 2147483647;
			files = (
				7929952022543CCD00BE4670 /* ViewController.swift in Sources */,
				797F869B225BA1BF007D4C06 /* SunTimesService.swift in Sources */,
				797F8699225BA134007D4C06 /* SunTimes.swift in Sources */,
				7929951E22543CCD00BE4670 /* AppDelegate.swift in Sources */,
			);
			runOnlyForDeploymentPostprocessing = 0;
		};
		7929952A22543CCF00BE4670 /* Sources */ = {
			isa = PBXSourcesBuildPhase;
			buildActionMask = 2147483647;
			files = (
				7929953322543CCF00BE4670 /* Sunrise_SunsetTests.swift in Sources */,
			);
			runOnlyForDeploymentPostprocessing = 0;
		};
		7929953522543CCF00BE4670 /* Sources */ = {
			isa = PBXSourcesBuildPhase;
			buildActionMask = 2147483647;
			files = (
				7929953E22543CCF00BE4670 /* Sunrise_SunsetUITests.swift in Sources */,
			);
			runOnlyForDeploymentPostprocessing = 0;
		};
/* End PBXSourcesBuildPhase section */

/* Begin PBXTargetDependency section */
		7929953022543CCF00BE4670 /* PBXTargetDependency */ = {
			isa = PBXTargetDependency;
			target = 7929951922543CCD00BE4670 /* Sunrise Sunset */;
			targetProxy = 7929952F22543CCF00BE4670 /* PBXContainerItemProxy */;
		};
		7929953B22543CCF00BE4670 /* PBXTargetDependency */ = {
			isa = PBXTargetDependency;
			target = 7929951922543CCD00BE4670 /* Sunrise Sunset */;
			targetProxy = 7929953A22543CCF00BE4670 /* PBXContainerItemProxy */;
		};
/* End PBXTargetDependency section */

/* Begin PBXVariantGroup section */
		7929952122543CCD00BE4670 /* Main.storyboard */ = {
			isa = PBXVariantGroup;
			children = (
				7929952222543CCD00BE4670 /* Base */,
			);
			name = Main.storyboard;
			sourceTree = "<group>";
		};
		7929952622543CCE00BE4670 /* LaunchScreen.storyboard */ = {
			isa = PBXVariantGroup;
			children = (
				7929952722543CCE00BE4670 /* Base */,
			);
			name = LaunchScreen.storyboard;
			sourceTree = "<group>";
		};
/* End PBXVariantGroup section */

/* Begin XCBuildConfiguration section */
		7929954022543CCF00BE4670 /* Debug */ = {
			isa = XCBuildConfiguration;
			buildSettings = {
				ALWAYS_SEARCH_USER_PATHS = NO;
				CLANG_ANALYZER_NONNULL = YES;
				CLANG_ANALYZER_NUMBER_OBJECT_CONVERSION = YES_AGGRESSIVE;
				CLANG_CXX_LANGUAGE_STANDARD = "gnu++14";
				CLANG_CXX_LIBRARY = "libc++";
				CLANG_ENABLE_MODULES = YES;
				CLANG_ENABLE_OBJC_ARC = YES;
				CLANG_ENABLE_OBJC_WEAK = YES;
				CLANG_WARN_BLOCK_CAPTURE_AUTORELEASING = YES;
				CLANG_WARN_BOOL_CONVERSION = YES;
				CLANG_WARN_COMMA = YES;
				CLANG_WARN_CONSTANT_CONVERSION = YES;
				CLANG_WARN_DEPRECATED_OBJC_IMPLEMENTATIONS = YES;
				CLANG_WARN_DIRECT_OBJC_ISA_USAGE = YES_ERROR;
				CLANG_WARN_DOCUMENTATION_COMMENTS = YES;
				CLANG_WARN_EMPTY_BODY = YES;
				CLANG_WARN_ENUM_CONVERSION = YES;
				CLANG_WARN_INFINITE_RECURSION = YES;
				CLANG_WARN_INT_CONVERSION = YES;
				CLANG_WARN_NON_LITERAL_NULL_CONVERSION = YES;
				CLANG_WARN_OBJC_IMPLICIT_RETAIN_SELF = YES;
				CLANG_WARN_OBJC_LITERAL_CONVERSION = YES;
				CLANG_WARN_OBJC_ROOT_CLASS = YES_ERROR;
				CLANG_WARN_RANGE_LOOP_ANALYSIS = YES;
				CLANG_WARN_STRICT_PROTOTYPES = YES;
				CLANG_WARN_SUSPICIOUS_MOVE = YES;
				CLANG_WARN_UNGUARDED_AVAILABILITY = YES_AGGRESSIVE;
				CLANG_WARN_UNREACHABLE_CODE = YES;
				CLANG_WARN__DUPLICATE_METHOD_MATCH = YES;
				CODE_SIGN_IDENTITY = "iPhone Developer";
				COPY_PHASE_STRIP = NO;
				DEBUG_INFORMATION_FORMAT = dwarf;
				ENABLE_STRICT_OBJC_MSGSEND = YES;
				ENABLE_TESTABILITY = YES;
				GCC_C_LANGUAGE_STANDARD = gnu11;
				GCC_DYNAMIC_NO_PIC = NO;
				GCC_NO_COMMON_BLOCKS = YES;
				GCC_OPTIMIZATION_LEVEL = 0;
				GCC_PREPROCESSOR_DEFINITIONS = (
					"DEBUG=1",
					"$(inherited)",
				);
				GCC_WARN_64_TO_32_BIT_CONVERSION = YES;
				GCC_WARN_ABOUT_RETURN_TYPE = YES_ERROR;
				GCC_WARN_UNDECLARED_SELECTOR = YES;
				GCC_WARN_UNINITIALIZED_AUTOS = YES_AGGRESSIVE;
				GCC_WARN_UNUSED_FUNCTION = YES;
				GCC_WARN_UNUSED_VARIABLE = YES;
				IPHONEOS_DEPLOYMENT_TARGET = 12.1;
				MTL_ENABLE_DEBUG_INFO = INCLUDE_SOURCE;
				MTL_FAST_MATH = YES;
				ONLY_ACTIVE_ARCH = YES;
				SDKROOT = iphoneos;
				SWIFT_ACTIVE_COMPILATION_CONDITIONS = DEBUG;
				SWIFT_OPTIMIZATION_LEVEL = "-Onone";
			};
			name = Debug;
		};
		7929954122543CCF00BE4670 /* Release */ = {
			isa = XCBuildConfiguration;
			buildSettings = {
				ALWAYS_SEARCH_USER_PATHS = NO;
				CLANG_ANALYZER_NONNULL = YES;
				CLANG_ANALYZER_NUMBER_OBJECT_CONVERSION = YES_AGGRESSIVE;
				CLANG_CXX_LANGUAGE_STANDARD = "gnu++14";
				CLANG_CXX_LIBRARY = "libc++";
				CLANG_ENABLE_MODULES = YES;
				CLANG_ENABLE_OBJC_ARC = YES;
				CLANG_ENABLE_OBJC_WEAK = YES;
				CLANG_WARN_BLOCK_CAPTURE_AUTORELEASING = YES;
				CLANG_WARN_BOOL_CONVERSION = YES;
				CLANG_WARN_COMMA = YES;
				CLANG_WARN_CONSTANT_CONVERSION = YES;
				CLANG_WARN_DEPRECATED_OBJC_IMPLEMENTATIONS = YES;
				CLANG_WARN_DIRECT_OBJC_ISA_USAGE = YES_ERROR;
				CLANG_WARN_DOCUMENTATION_COMMENTS = YES;
				CLANG_WARN_EMPTY_BODY = YES;
				CLANG_WARN_ENUM_CONVERSION = YES;
				CLANG_WARN_INFINITE_RECURSION = YES;
				CLANG_WARN_INT_CONVERSION = YES;
				CLANG_WARN_NON_LITERAL_NULL_CONVERSION = YES;
				CLANG_WARN_OBJC_IMPLICIT_RETAIN_SELF = YES;
				CLANG_WARN_OBJC_LITERAL_CONVERSION = YES;
				CLANG_WARN_OBJC_ROOT_CLASS = YES_ERROR;
				CLANG_WARN_RANGE_LOOP_ANALYSIS = YES;
				CLANG_WARN_STRICT_PROTOTYPES = YES;
				CLANG_WARN_SUSPICIOUS_MOVE = YES;
				CLANG_WARN_UNGUARDED_AVAILABILITY = YES_AGGRESSIVE;
				CLANG_WARN_UNREACHABLE_CODE = YES;
				CLANG_WARN__DUPLICATE_METHOD_MATCH = YES;
				CODE_SIGN_IDENTITY = "iPhone Developer";
				COPY_PHASE_STRIP = NO;
				DEBUG_INFORMATION_FORMAT = "dwarf-with-dsym";
				ENABLE_NS_ASSERTIONS = NO;
				ENABLE_STRICT_OBJC_MSGSEND = YES;
				GCC_C_LANGUAGE_STANDARD = gnu11;
				GCC_NO_COMMON_BLOCKS = YES;
				GCC_WARN_64_TO_32_BIT_CONVERSION = YES;
				GCC_WARN_ABOUT_RETURN_TYPE = YES_ERROR;
				GCC_WARN_UNDECLARED_SELECTOR = YES;
				GCC_WARN_UNINITIALIZED_AUTOS = YES_AGGRESSIVE;
				GCC_WARN_UNUSED_FUNCTION = YES;
				GCC_WARN_UNUSED_VARIABLE = YES;
				IPHONEOS_DEPLOYMENT_TARGET = 12.1;
				MTL_ENABLE_DEBUG_INFO = NO;
				MTL_FAST_MATH = YES;
				SDKROOT = iphoneos;
				SWIFT_COMPILATION_MODE = wholemodule;
				SWIFT_OPTIMIZATION_LEVEL = "-O";
				VALIDATE_PRODUCT = YES;
			};
			name = Release;
		};
		7929954322543CCF00BE4670 /* Debug */ = {
			isa = XCBuildConfiguration;
			buildSettings = {
				ASSETCATALOG_COMPILER_APPICON_NAME = AppIcon;
				CODE_SIGN_STYLE = Automatic;
				INFOPLIST_FILE = "Sunrise Sunset/Info.plist";
				LD_RUNPATH_SEARCH_PATHS = (
					"$(inherited)",
					"@executable_path/Frameworks",
				);
				PRODUCT_BUNDLE_IDENTIFIER = "com.PaulBaker.Sunrise-Sunset";
				PRODUCT_NAME = "$(TARGET_NAME)";
				SWIFT_VERSION = 4.2;
				TARGETED_DEVICE_FAMILY = "1,2";
			};
			name = Debug;
		};
		7929954422543CCF00BE4670 /* Release */ = {
			isa = XCBuildConfiguration;
			buildSettings = {
				ASSETCATALOG_COMPILER_APPICON_NAME = AppIcon;
				CODE_SIGN_STYLE = Automatic;
				INFOPLIST_FILE = "Sunrise Sunset/Info.plist";
				LD_RUNPATH_SEARCH_PATHS = (
					"$(inherited)",
					"@executable_path/Frameworks",
				);
				PRODUCT_BUNDLE_IDENTIFIER = "com.PaulBaker.Sunrise-Sunset";
				PRODUCT_NAME = "$(TARGET_NAME)";
				SWIFT_VERSION = 4.2;
				TARGETED_DEVICE_FAMILY = "1,2";
			};
			name = Release;
		};
		7929954622543CCF00BE4670 /* Debug */ = {
			isa = XCBuildConfiguration;
			buildSettings = {
				ALWAYS_EMBED_SWIFT_STANDARD_LIBRARIES = YES;
				BUNDLE_LOADER = "$(TEST_HOST)";
				CODE_SIGN_STYLE = Automatic;
				INFOPLIST_FILE = "Sunrise SunsetTests/Info.plist";
				LD_RUNPATH_SEARCH_PATHS = (
					"$(inherited)",
					"@executable_path/Frameworks",
					"@loader_path/Frameworks",
				);
				PRODUCT_BUNDLE_IDENTIFIER = "com.PaulBaker.Sunrise-SunsetTests";
				PRODUCT_NAME = "$(TARGET_NAME)";
				SWIFT_VERSION = 4.2;
				TARGETED_DEVICE_FAMILY = "1,2";
				TEST_HOST = "$(BUILT_PRODUCTS_DIR)/Sunrise Sunset.app/Sunrise Sunset";
			};
			name = Debug;
		};
		7929954722543CCF00BE4670 /* Release */ = {
			isa = XCBuildConfiguration;
			buildSettings = {
				ALWAYS_EMBED_SWIFT_STANDARD_LIBRARIES = YES;
				BUNDLE_LOADER = "$(TEST_HOST)";
				CODE_SIGN_STYLE = Automatic;
				INFOPLIST_FILE = "Sunrise SunsetTests/Info.plist";
				LD_RUNPATH_SEARCH_PATHS = (
					"$(inherited)",
					"@executable_path/Frameworks",
					"@loader_path/Frameworks",
				);
				PRODUCT_BUNDLE_IDENTIFIER = "com.PaulBaker.Sunrise-SunsetTests";
				PRODUCT_NAME = "$(TARGET_NAME)";
				SWIFT_VERSION = 4.2;
				TARGETED_DEVICE_FAMILY = "1,2";
				TEST_HOST = "$(BUILT_PRODUCTS_DIR)/Sunrise Sunset.app/Sunrise Sunset";
			};
			name = Release;
		};
		7929954922543CCF00BE4670 /* Debug */ = {
			isa = XCBuildConfiguration;
			buildSettings = {
				ALWAYS_EMBED_SWIFT_STANDARD_LIBRARIES = YES;
				CODE_SIGN_STYLE = Automatic;
				INFOPLIST_FILE = "Sunrise SunsetUITests/Info.plist";
				LD_RUNPATH_SEARCH_PATHS = (
					"$(inherited)",
					"@executable_path/Frameworks",
					"@loader_path/Frameworks",
				);
				PRODUCT_BUNDLE_IDENTIFIER = "com.PaulBaker.Sunrise-SunsetUITests";
				PRODUCT_NAME = "$(TARGET_NAME)";
				SWIFT_VERSION = 4.2;
				TARGETED_DEVICE_FAMILY = "1,2";
				TEST_TARGET_NAME = "Sunrise Sunset";
			};
			name = Debug;
		};
		7929954A22543CCF00BE4670 /* Release */ = {
			isa = XCBuildConfiguration;
			buildSettings = {
				ALWAYS_EMBED_SWIFT_STANDARD_LIBRARIES = YES;
				CODE_SIGN_STYLE = Automatic;
				INFOPLIST_FILE = "Sunrise SunsetUITests/Info.plist";
				LD_RUNPATH_SEARCH_PATHS = (
					"$(inherited)",
					"@executable_path/Frameworks",
					"@loader_path/Frameworks",
				);
				PRODUCT_BUNDLE_IDENTIFIER = "com.PaulBaker.Sunrise-SunsetUITests";
				PRODUCT_NAME = "$(TARGET_NAME)";
				SWIFT_VERSION = 4.2;
				TARGETED_DEVICE_FAMILY = "1,2";
				TEST_TARGET_NAME = "Sunrise Sunset";
			};
			name = Release;
		};
/* End XCBuildConfiguration section */

/* Begin XCConfigurationList section */
		7929951522543CCD00BE4670 /* Build configuration list for PBXProject "Sunrise Sunset" */ = {
			isa = XCConfigurationList;
			buildConfigurations = (
				7929954022543CCF00BE4670 /* Debug */,
				7929954122543CCF00BE4670 /* Release */,
			);
			defaultConfigurationIsVisible = 0;
			defaultConfigurationName = Release;
		};
		7929954222543CCF00BE4670 /* Build configuration list for PBXNativeTarget "Sunrise Sunset" */ = {
			isa = XCConfigurationList;
			buildConfigurations = (
				7929954322543CCF00BE4670 /* Debug */,
				7929954422543CCF00BE4670 /* Release */,
			);
			defaultConfigurationIsVisible = 0;
			defaultConfigurationName = Release;
		};
		7929954522543CCF00BE4670 /* Build configuration list for PBXNativeTarget "Sunrise SunsetTests" */ = {
			isa = XCConfigurationList;
			buildConfigurations = (
				7929954622543CCF00BE4670 /* Debug */,
				7929954722543CCF00BE4670 /* Release */,
			);
			defaultConfigurationIsVisible = 0;
			defaultConfigurationName = Release;
		};
		7929954822543CCF00BE4670 /* Build configuration list for PBXNativeTarget "Sunrise SunsetUITests" */ = {
			isa = XCConfigurationList;
			buildConfigurations = (
				7929954922543CCF00BE4670 /* Debug */,
				7929954A22543CCF00BE4670 /* Release */,
			);
			defaultConfigurationIsVisible = 0;
			defaultConfigurationName = Release;
		};
/* End XCConfigurationList section */
	};
	rootObject = 7929951222543CCD00BE4670 /* Project object */;
}
